
Microsoft Visual Studio Solution File, Format Version 12.00
# Visual Studio Version 17
VisualStudioVersion = 17.2.32505.173
MinimumVisualStudioVersion = 10.0.40219.1
Project("{FAE04EC0-301F-11D3-BF4B-00C04F79EFBC}") = "Wpf_Yshakow_PR12INS", "Wpf_Yshakow_PR12INS\Wpf_Yshakow_PR12INS.csproj", "{E833B603-632B-4191-BCD2-2C0B6C9E2F67}"
EndProject
Global
	GlobalSection(SolutionConfigurationPlatforms) = preSolution
		Debug|Any CPU = Debug|Any CPU
		Release|Any CPU = Release|Any CPU
	EndGlobalSection
	GlobalSection(ProjectConfigurationPlatforms) = postSolution
		{E833B603-632B-4191-BCD2-2C0B6C9E2F67}.Debug|Any CPU.ActiveCfg = Debug|Any CPU
		{E833B603-632B-4191-BCD2-2C0B6C9E2F67}.Debug|Any CPU.Build.0 = Debug|Any CPU
		{E833B603-632B-4191-BCD2-2C0B6C9E2F67}.Release|Any CPU.ActiveCfg = Release|Any CPU
		{E833B603-632B-4191-BCD2-2C0B6C9E2F67}.Release|Any CPU.Build.0 = Release|Any CPU
	EndGlobalSection
	GlobalSection(SolutionProperties) = preSolution
		HideSolutionNode = FALSE
	EndGlobalSection
	GlobalSection(ExtensibilityGlobals) = postSolution
		SolutionGuid = {379ED28F-C51F-4589-8F2E-117944088F80}
	EndGlobalSection
EndGlobal
